{
  "version": "3",
  "packages": {
    "specifiers": {
      "npm:@types/bluebird": "npm:@types/bluebird@3.5.42",
      "npm:bluebird": "npm:bluebird@3.7.2",
      "npm:strava": "npm:strava@2.2.2"
    },
    "npm": {
      "@types/bluebird@3.5.42": {
        "integrity": "sha512-Jhy+MWRlro6UjVi578V/4ZGNfeCOcNCp0YaFNIUGFKlImowqwb1O/22wDVk3FDGMLqxdpOV3qQHD5fPEH4hK6A==",
        "dependencies": {}
      },
      "asynckit@0.4.0": {
        "integrity": "sha512-Oei9OH4tRh0YqU3GxhX79dM/mwVgvbZJaSNaRk+bshkj0S5cfHcgYakreBjrHwatXKbz+IoIdYLxrKim2MjW0Q==",
        "dependencies": {}
      },
      "bluebird@3.7.2": {
        "integrity": "sha512-XpNj6GDQzdfW+r2Wnn7xiSAd7TM3jzkxGXBGTtWKuSXv1xUV+azxAm8jdWZN06QTQk+2N2XB9jRDkvbmQmcRtg==",
        "dependencies": {}
      },
      "combined-stream@1.0.8": {
        "integrity": "sha512-FQN4MRfuJeHf7cBbBMJFXhKSDq+2kAArBlmRBvcvFE5BB1HZKXtSFASDhdlz9zOYwxh8lDdnvmMOe/+5cdoEdg==",
        "dependencies": {
          "delayed-stream": "delayed-stream@1.0.0"
        }
      },
      "delayed-stream@1.0.0": {
        "integrity": "sha512-ZySD7Nf91aLB0RxL4KGrKHBXl7Eds1DAmEdcoVawXnLD7SDhpNgtuII2aAkg7a7QS41jxPSZ17p4VdGnMHk3MQ==",
        "dependencies": {}
      },
      "form-data@4.0.0": {
        "integrity": "sha512-ETEklSGi5t0QMZuiXoA/Q6vcnxcLQP5vdugSpuAyi6SVGi2clPPp+xgEhuMaHC+zGgn31Kd235W35f7Hykkaww==",
        "dependencies": {
          "asynckit": "asynckit@0.4.0",
          "combined-stream": "combined-stream@1.0.8",
          "mime-types": "mime-types@2.1.35"
        }
      },
      "mime-db@1.52.0": {
        "integrity": "sha512-sPU4uV7dYlvtWJxwwxHD0PuihVNiE7TyAbQ5SWxDCB9mUYvOgroQOwYQQOKPJ8CIbE+1ETVlOoK1UC2nU3gYvg==",
        "dependencies": {}
      },
      "mime-types@2.1.35": {
        "integrity": "sha512-ZDY+bPm5zTTF+YpCrAU9nK0UgICYPT0QtT1NZWFv4s++TNkcgVaT0g6+4R2uI4MjQjzysHB1zxuWL50hzaeXiw==",
        "dependencies": {
          "mime-db": "mime-db@1.52.0"
        }
      },
      "node-fetch@2.6.6": {
        "integrity": "sha512-Z8/6vRlTUChSdIgMa51jxQ4lrw/Jy5SOW10ObaA47/RElsAN2c5Pn8bTgFGWn/ibwzXTE8qwr1Yzx28vsecXEA==",
        "dependencies": {
          "whatwg-url": "whatwg-url@5.0.0"
        }
      },
      "strava@2.2.2": {
        "integrity": "sha512-8O7mZO8/DgPq5b3qdIIh3Yr2mL8zFmN4NfiDdA0BBkxo2M7P6I+dN3l9IHkoW4FZArE/YQxZvdPL3oFnclYdLA==",
        "dependencies": {
          "form-data": "form-data@4.0.0",
          "node-fetch": "node-fetch@2.6.6"
        }
      },
      "tr46@0.0.3": {
        "integrity": "sha512-N3WMsuqV66lT30CrXNbEjx4GEwlow3v6rr4mCcv6prnfwhS01rkgyFdjPNBYd9br7LpXV1+Emh01fHnq2Gdgrw==",
        "dependencies": {}
      },
      "webidl-conversions@3.0.1": {
        "integrity": "sha512-2JAn3z8AR6rjK8Sm8orRC0h/bcl/DqL7tRPdGZ4I1CjdF+EaMLmYxBHyXuKL849eucPFhvBoxMsflfOb8kxaeQ==",
        "dependencies": {}
      },
      "whatwg-url@5.0.0": {
        "integrity": "sha512-saE57nupxk6v3HY35+jzBwYa0rKSy0XR8JSxZPwgLr7ys0IBzhGviA1/TUGJLmSVqs8pb9AnvICXEuOHLprYTw==",
        "dependencies": {
          "tr46": "tr46@0.0.3",
          "webidl-conversions": "webidl-conversions@3.0.1"
        }
      }
    }
  },
  "redirects": {
    "https://deno.land/x/valibot/mod.ts": "https://deno.land/x/valibot@v0.18.0/mod.ts"
  },
  "remote": {
    "https://deno.land/std@0.213.0/dotenv/load.ts": "587b342f0f6a3df071331fe6ba1c823729ab68f7d53805809475e486dd4161d7",
    "https://deno.land/std@0.213.0/dotenv/mod.ts": "46cc7a78cf3f7ba533c8c9b90407a365f925be332ebdc867a1f502614e3d8523",
    "https://deno.land/std@0.213.0/dotenv/parse.ts": "55d5d1a5ba76c1324e6dc2f2f7917f03c47e5da5c2c55af11fd0fe2d6a3d3a2e",
    "https://deno.land/std@0.213.0/dotenv/stringify.ts": "0047ad7068289735d08964046aea267a750c141b494ca0e38831b89be6c020c2",
    "https://deno.land/x/valibot@v0.18.0/mod.ts": "62e8bad0367465ff9baf1861ba23e51e2fe19feaea2fe298965f1b4d46a30ac8",
    "https://deno.land/x/valibot@v0.18.0/src/error/ValiError/ValiError.ts": "e38d4f518a6071c5e1effb561944f58a8d3132c64984be2d3e9408eb094c0959",
    "https://deno.land/x/valibot@v0.18.0/src/error/ValiError/index.ts": "cf20d1fb4425bf9824c0b8e6c42743409ac9b79dd71f92b9fdbf8168ce303594",
    "https://deno.land/x/valibot@v0.18.0/src/error/flatten/flatten.ts": "c38878bdcbe3b69267026469c41426c297222ca3e97cae575c37b7b5ee5f7207",
    "https://deno.land/x/valibot@v0.18.0/src/error/flatten/index.ts": "253b6a678058122873a54cbbf6bd6599d9538bec3586339cff242a2fa11124b3",
    "https://deno.land/x/valibot@v0.18.0/src/error/index.ts": "582ea7635c2b29035e77909ba66184756ccadfe801441fe856d301abf3f016e2",
    "https://deno.land/x/valibot@v0.18.0/src/index.ts": "f5800fee7d93c6011eaa69ceb4abc40ec4078a674f61b09024a5188eafe95dfe",
    "https://deno.land/x/valibot@v0.18.0/src/methods/brand/brand.ts": "a848e98e09c0888162dfadfc5f78384fa8612fd52a92a52991a2051118bdfbdb",
    "https://deno.land/x/valibot@v0.18.0/src/methods/brand/index.ts": "710f22d6676f01869005640bda3cdee264b00820ce6cbcdca9df1290f6b9adeb",
    "https://deno.land/x/valibot@v0.18.0/src/methods/coerce/coerce.ts": "96c3580990784f24ca84262a9c1d1851e7ad176a83c4c9f68fece6c3259fd787",
    "https://deno.land/x/valibot@v0.18.0/src/methods/coerce/coerceAsync.ts": "de6c1714f1788c45fde332168375a237502d98153341a6187f2660c4afdad27c",
    "https://deno.land/x/valibot@v0.18.0/src/methods/coerce/index.ts": "ee64fe8c55b0d2ae738013ada9db92178a245bb67e68d1fc906e45a284485362",
    "https://deno.land/x/valibot@v0.18.0/src/methods/fallback/fallback.ts": "364966e617591e0cc8ce0ce8e5382f5891137777a9ac1984d6554292d42afcea",
    "https://deno.land/x/valibot@v0.18.0/src/methods/fallback/fallbackAsync.ts": "703fae7b6b7e49d40cc52022441e0a7646229e2b0621c93e973f3fcbed925c8c",
    "https://deno.land/x/valibot@v0.18.0/src/methods/fallback/index.ts": "44a9494e09eb84f3a5be700f85a7559f4a3b2552d37c05a6f821cc9621b97834",
    "https://deno.land/x/valibot@v0.18.0/src/methods/getDefault/getDefault.ts": "e1f61c179a0c789efb7e775c9716809769211416deb5baad54e42446c9629c6d",
    "https://deno.land/x/valibot@v0.18.0/src/methods/getDefault/index.ts": "a237ed8714b898bc31d856ea5c1bd46f5a3337a60964f1198656ac58a30095b4",
    "https://deno.land/x/valibot@v0.18.0/src/methods/index.ts": "1ee664311e2de117f1c1fd010b04d2247defaffd451da11d86c69685006ffd00",
    "https://deno.land/x/valibot@v0.18.0/src/methods/is/index.ts": "327fc84a5ed4eff4af039753173f4f6ad8cc769b95fabbd01dce9a1fe3481c54",
    "https://deno.land/x/valibot@v0.18.0/src/methods/is/is.ts": "974aff2a2af6ae5c986648bbc71411a18e9de81daf6dfaa0e83d7adb792bd096",
    "https://deno.land/x/valibot@v0.18.0/src/methods/keyof/index.ts": "7d50e6f637ee4a19365e3044b83ff1821bab4367271c057781e396324b93cf3c",
    "https://deno.land/x/valibot@v0.18.0/src/methods/keyof/keyof.ts": "faa41832458a8d9ab7b780de44b19b3f80afe9608dad2863151f3fac75fa7e97",
    "https://deno.land/x/valibot@v0.18.0/src/methods/merge/index.ts": "ca839a5e99996869dc9bc9522a4791d342dd1071d4c7ef5fda42a7a3b1ddbf23",
    "https://deno.land/x/valibot@v0.18.0/src/methods/merge/merge.ts": "2af8022a09e74f9cf2ab1123d388d792e824818442e6efba551518ed8e3e0ed1",
    "https://deno.land/x/valibot@v0.18.0/src/methods/merge/mergeAsync.ts": "447deeeaa801d7c66ed89ea788af0604c813d63d7f6659e079e77298694cf61b",
    "https://deno.land/x/valibot@v0.18.0/src/methods/omit/index.ts": "85e672fea9a1146e9efd099bc5fac0e9617c7d941eb3f1afce5160c95c6d8561",
    "https://deno.land/x/valibot@v0.18.0/src/methods/omit/omit.ts": "4b66dde4031389671851c87a9d11af5fc756037bdb076f2e2b8adfffb087176a",
    "https://deno.land/x/valibot@v0.18.0/src/methods/omit/omitAsync.ts": "36f4f05676dac5ccddcb896c605498ed9404b5c6b14beefba4ea427ed29dbda0",
    "https://deno.land/x/valibot@v0.18.0/src/methods/parse/index.ts": "669ec1a3e7e825f7344f78162e9396fa18106ebc3cb5118a2d97077a3a78c037",
    "https://deno.land/x/valibot@v0.18.0/src/methods/parse/parse.ts": "21ce067a7e6113ba69ec366e9ba9921cfa93d4a6d2e3f5394202d41e1585e717",
    "https://deno.land/x/valibot@v0.18.0/src/methods/parse/parseAsync.ts": "314758ff9a3f046877f1defc3f1c1e316d8d84bf146fa017c18825f76de17608",
    "https://deno.land/x/valibot@v0.18.0/src/methods/partial/index.ts": "2c9fbdbb46230dfb88433be8bcb32bbce703856d73dd80e520c489fda18dea8e",
    "https://deno.land/x/valibot@v0.18.0/src/methods/partial/partial.ts": "b9bbd909cd5d7928fb5788ae5f8b6da3bab9c8b5c07b5afcfce2e07bca6e0859",
    "https://deno.land/x/valibot@v0.18.0/src/methods/partial/partialAsync.ts": "c4e8c5b799fec5f6eb139ab83376b54736b9b825ae327e901c673776beee86c7",
    "https://deno.land/x/valibot@v0.18.0/src/methods/passthrough/index.ts": "0c70d832a9da0d3ee9b219d5583bc29a663b66ebfd258ebc608fe8556fe956a9",
    "https://deno.land/x/valibot@v0.18.0/src/methods/passthrough/passthrough.ts": "7dca87b522df0a4a6e349072d1ed95068de7659e7f70b7e987c815c402c3d961",
    "https://deno.land/x/valibot@v0.18.0/src/methods/passthrough/passthroughAsync.ts": "1483875a6d8a551d1732450563178b33a9a1bbece4f1badac9381f64451ab7b2",
    "https://deno.land/x/valibot@v0.18.0/src/methods/pick/index.ts": "29b89f8597ddc130e8b8ce9ddacddd95e3deeea492c2f6a3f7a6ee17318bebbe",
    "https://deno.land/x/valibot@v0.18.0/src/methods/pick/pick.ts": "0b9a5da032f0055b852c34f4c7b6bcf2fdbc8333324e6ca36b73011550bd4db0",
    "https://deno.land/x/valibot@v0.18.0/src/methods/pick/pickAsync.ts": "0e9ab244cb4f8eb3ac8fc123f65d782d0c23a29439d574feb4924ceec7007849",
    "https://deno.land/x/valibot@v0.18.0/src/methods/required/index.ts": "9bdcaedd3f4e8cf66620c77a427dfbae8bcd2c393dc5cac460287cea8ab4c59f",
    "https://deno.land/x/valibot@v0.18.0/src/methods/required/required.ts": "92a2823374e133d75a631571205ee7200e587df9d534ced021b26ebb89adb352",
    "https://deno.land/x/valibot@v0.18.0/src/methods/required/requiredAsync.ts": "6be118ccfa5acca69fff2bc5f8fc920ae9ea52107226654d31c26fc453ae9079",
    "https://deno.land/x/valibot@v0.18.0/src/methods/safeParse/index.ts": "47442f36db5a8cb85e67790a9d8590613853e528309e8d40fa2b58ae173e978a",
    "https://deno.land/x/valibot@v0.18.0/src/methods/safeParse/safeParse.ts": "77f6f841c310110cde4c5c685a080b1dec170a99a2810712f218eb64c12116e9",
    "https://deno.land/x/valibot@v0.18.0/src/methods/safeParse/safeParseAsync.ts": "0fb03c79252bdc05cf40821f3115b25a57dbe7523fa0ff308094feb56433af65",
    "https://deno.land/x/valibot@v0.18.0/src/methods/safeParse/types.ts": "267173db70ed1259e6ae3a62385be645277d2d29aca8badd7817254bd4da36b3",
    "https://deno.land/x/valibot@v0.18.0/src/methods/strict/index.ts": "df5ca04019a43710000edcecf48dc8ce4ad469785a5e56c5536c9d0f0498ab39",
    "https://deno.land/x/valibot@v0.18.0/src/methods/strict/strict.ts": "d48a7c5e1a4a8f3608bc785351162bdd5ea15e295d585e19ca88e77482224f8f",
    "https://deno.land/x/valibot@v0.18.0/src/methods/strict/strictAsync.ts": "098b6fa75748ecdc8737578028801e68f5315d6e341e6c3059a3910377836974",
    "https://deno.land/x/valibot@v0.18.0/src/methods/strip/index.ts": "e1f7be7363258c95e616538f9a31b6c878cd6619941cd9b06c7948d6e8a4977d",
    "https://deno.land/x/valibot@v0.18.0/src/methods/strip/strip.ts": "dc0fbc656489cdc40137300b0593de3be4da868a174a68a8834222621d46214e",
    "https://deno.land/x/valibot@v0.18.0/src/methods/strip/stripAsync.ts": "0ee9723c7beb5f5631007820dea761df76f1e1caf3474e142123d76eb27bee7a",
    "https://deno.land/x/valibot@v0.18.0/src/methods/transform/index.ts": "d70b89ce2088b9cf07b371d7b03a5634f6fb92411a636d06addafc5b26c712a0",
    "https://deno.land/x/valibot@v0.18.0/src/methods/transform/transform.ts": "6a746ab5ed741f54906e58e9e42ab7483021bf961473f994c42a71ecef726eba",
    "https://deno.land/x/valibot@v0.18.0/src/methods/transform/transformAsync.ts": "2da1212f3213bee3b446e07a40f0fbcaa122f27d744051383859f81032f4c6f1",
    "https://deno.land/x/valibot@v0.18.0/src/methods/unwrap/index.ts": "c650d5956fec65bb504a21ffb825c0b166ab8600acbf4b245b529000c2603458",
    "https://deno.land/x/valibot@v0.18.0/src/methods/unwrap/unwrap.ts": "1d57da5d9a967cb7cdd3f7db26b0ace22c47d4a9742fc230bfe393533ea51c8d",
    "https://deno.land/x/valibot@v0.18.0/src/methods/withDefault/index.ts": "e66c01db567dec0a880f13b9a757a1a2fbe829fe7ebd95abfba2590af03e18e4",
    "https://deno.land/x/valibot@v0.18.0/src/methods/withDefault/withDefault.ts": "2bd1b857b5a8bf50c231e88e68040ddbbd46a01ec4060eb2b2abfc3cc8934c3c",
    "https://deno.land/x/valibot@v0.18.0/src/schemas/any/any.ts": "948993ffeed4d5d25fd40bd625c314781ccb69c91aee1f9310d9487e4254afef",
    "https://deno.land/x/valibot@v0.18.0/src/schemas/any/anyAsync.ts": "cfcc2b7dbe38cf25015a81a1172bfbd74a4ba16bebabac6ad0e5b779779ecd04",
    "https://deno.land/x/valibot@v0.18.0/src/schemas/any/index.ts": "de190728871b0117983dae84695568b0914e3f1118e9491aeee9f2b443db84ad",
    "https://deno.land/x/valibot@v0.18.0/src/schemas/array/array.ts": "6acc69f968c397e86810e1124b2456d97b68a19c45501c07ec67e0da543b3a67",
    "https://deno.land/x/valibot@v0.18.0/src/schemas/array/arrayAsync.ts": "180e22c8ff22870120be86d8aa8a4b231f9755f91992d18e636b1145c1dc7b99",
    "https://deno.land/x/valibot@v0.18.0/src/schemas/array/index.ts": "deb0be133a6d9a4efdb6b2333ad9195a2de12f883abfb2c88643c74b816d52dc",
    "https://deno.land/x/valibot@v0.18.0/src/schemas/array/types.ts": "b8d861ed1f3801266a245d6277342dd30e9c4b3e6f982fcad64c631e02b17d99",
    "https://deno.land/x/valibot@v0.18.0/src/schemas/bigint/bigint.ts": "dfb35efed865704181eadf95a790f24f3fd3d50750eeaf8fc5c46a584f8c4ceb",
    "https://deno.land/x/valibot@v0.18.0/src/schemas/bigint/bigintAsync.ts": "bcdfec7282bcf68dd2bf11e97e1ec8fbe6e636b2f9ada6241b09c51fc78f6d5b",
    "https://deno.land/x/valibot@v0.18.0/src/schemas/bigint/index.ts": "63947da2d953783500de43444755b403c54a9ab3419684d972f744090cb8d9a5",
    "https://deno.land/x/valibot@v0.18.0/src/schemas/blob/blob.ts": "d183c6be08f29e72cc8999caaaf84a906d6f793c405d3d7c559803db94d780f2",
    "https://deno.land/x/valibot@v0.18.0/src/schemas/blob/blobAsync.ts": "0f7440f417a2bb11bce5807257bb365ee0a1acc7fbaa0c3cd7a815424754f65a",
    "https://deno.land/x/valibot@v0.18.0/src/schemas/blob/index.ts": "bbee52cbc45e9863d70701ee816a653e43bb252f38f0cd56390cb0f15e2d96ed",
    "https://deno.land/x/valibot@v0.18.0/src/schemas/boolean/boolean.ts": "2f73dadbff44103bd833e421257b6f97e906008459c8ae92286d69a7a8912209",
    "https://deno.land/x/valibot@v0.18.0/src/schemas/boolean/booleanAsync.ts": "ad0a6aef076175406f4ef28a9cc55d8ba056d67eda0f297b20173b4c294d63e8",
    "https://deno.land/x/valibot@v0.18.0/src/schemas/boolean/index.ts": "55b310528887b6f55ad1dce9efb2825a23ccb7688cf73ffa16582924da6cdaa2",
    "https://deno.land/x/valibot@v0.18.0/src/schemas/date/date.ts": "58991842fa3f25f02fe1f4ad7598f90e20c6e1e7ab4981eb689ade835ff2aabe",
    "https://deno.land/x/valibot@v0.18.0/src/schemas/date/dateAsync.ts": "9224411ee55492ffe514eb3d9c3c6ec644013dc65c538522477e48f301875f9e",
    "https://deno.land/x/valibot@v0.18.0/src/schemas/date/index.ts": "054c71ead21736a8806abaee377e190e9258db90c218b63f05e0619074456a57",
    "https://deno.land/x/valibot@v0.18.0/src/schemas/enumType/enumType.ts": "004f9a31116f41bb4a8567a0ad94e76e76f1b6681e36513f3f255be5487044b6",
    "https://deno.land/x/valibot@v0.18.0/src/schemas/enumType/enumTypeAsync.ts": "a0e8df72eb82cf0cb7ef0e8260e218f9318baaa7cc082603af0d24de29895571",
    "https://deno.land/x/valibot@v0.18.0/src/schemas/enumType/index.ts": "293af35dcd87cbcdfd1b36a4507b6afb2bb508aaca9432eb98fcf0cede0e1eac",
    "https://deno.land/x/valibot@v0.18.0/src/schemas/enumType/types.ts": "8d1b0ef41a6ab9a05c569431e714bff660386f84c1f080c6aa503170566bcaf5",
    "https://deno.land/x/valibot@v0.18.0/src/schemas/index.ts": "b72ffb141387d5959c9e38ccc524cae57f9a666a9d8fe61881490571f4100b38",
    "https://deno.land/x/valibot@v0.18.0/src/schemas/instance/index.ts": "527dde08b093322fc5a09488d3cb883b1d1bb25e01e2f8a7f3eabab8e2a4cc8e",
    "https://deno.land/x/valibot@v0.18.0/src/schemas/instance/instance.ts": "11b9f57248ccb66dd96d41f7cab1b721464e95f46858d381ebf7e5d7387f89d1",
    "https://deno.land/x/valibot@v0.18.0/src/schemas/instance/instanceAsync.ts": "5399f65d3e1546d5f5e0ccf4ebf329e5d1ae289c51d88e50980485151580fbc4",
    "https://deno.land/x/valibot@v0.18.0/src/schemas/intersection/index.ts": "730cbd468166fec1f61b2daf87aa0b65d3b24d0928b77a5f57193341ec43d2da",
    "https://deno.land/x/valibot@v0.18.0/src/schemas/intersection/intersection.ts": "2d869bd2785818cec031992877a390dbec5e8f00f378115a0dc0d0756c44e06a",
    "https://deno.land/x/valibot@v0.18.0/src/schemas/intersection/intersectionAsync.ts": "c36b1f65190f2af304c3158fad1540bc62df1b8dd305a588c87d3bca3fc0baed",
    "https://deno.land/x/valibot@v0.18.0/src/schemas/intersection/utils/index.ts": "d94d638412275f499c9cc79b0bee16c46f56a6c6301cdf1de51622dc1d640b32",
    "https://deno.land/x/valibot@v0.18.0/src/schemas/intersection/utils/mergeOutputs/index.ts": "168a4cca90c8817b7d51c129679dda65e6cd6fb2543b0d3e518f983ffea229c2",
    "https://deno.land/x/valibot@v0.18.0/src/schemas/intersection/utils/mergeOutputs/mergeOutputs.ts": "689764404846daef458ea8caa3cbd23fed780beac3aa0672588df6ee46a0a698",
    "https://deno.land/x/valibot@v0.18.0/src/schemas/literal/index.ts": "aefd35b7f0a34f2108449fd19e5ac6439b88cd07de0367aff657606ee17d7c15",
    "https://deno.land/x/valibot@v0.18.0/src/schemas/literal/literal.ts": "19b14bb74eaced5128f29b90f5b9d031c71895ea3a5d51a1fb63ebbd60a796e6",
    "https://deno.land/x/valibot@v0.18.0/src/schemas/literal/literalAsync.ts": "ad4a7e36631348458168e3e3aead9c0659fbd8fbfb7ea7bd0a3ca173acdd21c3",
    "https://deno.land/x/valibot@v0.18.0/src/schemas/literal/types.ts": "89e8edc96dd049ec0d055ab23f7e5454fff6d5deb6514c69a5cb0c1ce44f66e9",
    "https://deno.land/x/valibot@v0.18.0/src/schemas/map/index.ts": "39056f98686cc72b3de9a4c590bf690ec6282d781795ce72fd1cb4ab14bfee87",
    "https://deno.land/x/valibot@v0.18.0/src/schemas/map/map.ts": "da866b7bc7b844185a9895ea09c111e3b50a9735ec084412f52e17abc65c5ec0",
    "https://deno.land/x/valibot@v0.18.0/src/schemas/map/mapAsync.ts": "5fa8d2f37d999b33699019727e30ece67d4767a7231c40cdc647f41c9e1b2362",
    "https://deno.land/x/valibot@v0.18.0/src/schemas/map/types.ts": "c7437b7cc51e263d21d94de4e35f5c664706f38dfc087401711c6d564ea0e209",
    "https://deno.land/x/valibot@v0.18.0/src/schemas/nan/index.ts": "24dd3ab7f2cfbcafb941b5334e40f8a3bdc6f7ff6e426056af5d0dc32447da5b",
    "https://deno.land/x/valibot@v0.18.0/src/schemas/nan/nan.ts": "cfc28573957a1abf4b54cfb8eb898bd7847687b07eb672bc4c5c73dfd3c3c26b",
    "https://deno.land/x/valibot@v0.18.0/src/schemas/nan/nanAsync.ts": "9a05169792508b464847f424a0c824c9cb701f3e7d578486fe59cce5e892b87a",
    "https://deno.land/x/valibot@v0.18.0/src/schemas/nativeEnum/index.ts": "3077b9605c597f138ee1f822b95b070ae2d02f0106e776da89d308766d0af56b",
    "https://deno.land/x/valibot@v0.18.0/src/schemas/nativeEnum/nativeEnum.ts": "55b3127cc40ca19ee260396fbbe1632306eb725a5ba106bd2b8cf43dd2240ab8",
    "https://deno.land/x/valibot@v0.18.0/src/schemas/nativeEnum/nativeEnumAsync.ts": "b3d7de0a6752acbf412cd43c8d5f571f5c7c7dc4a3604e048b1eedc550442132",
    "https://deno.land/x/valibot@v0.18.0/src/schemas/never/index.ts": "15342661525254629f49bf24a5170373539604280d70fa678911f22803280bc2",
    "https://deno.land/x/valibot@v0.18.0/src/schemas/never/never.ts": "3535d860acb6c202b98db260f98617a0d7ca8d7b8da983d8ae944aca17fc7411",
    "https://deno.land/x/valibot@v0.18.0/src/schemas/never/neverAsync.ts": "a6a6a17988789cee1aed9678a35cf462d27e3b83ae77b0430f26fb1e22ea3cfb",
    "https://deno.land/x/valibot@v0.18.0/src/schemas/nonNullable/index.ts": "a7325d23d2689a72dbbb2521fd012259ce23dfff4d09a1c4e616b4eda4f92d1b",
    "https://deno.land/x/valibot@v0.18.0/src/schemas/nonNullable/nonNullable.ts": "ba28c790653d657d2e352e42a62b184059333135a76bc0289f2d9461ddc56a95",
    "https://deno.land/x/valibot@v0.18.0/src/schemas/nonNullable/nonNullableAsync.ts": "fffdfd77e32f0c2548a01f1b478d59c28eb2aa6f3bb66f26d632d45a095e4a1b",
    "https://deno.land/x/valibot@v0.18.0/src/schemas/nonNullish/index.ts": "74cb026803df4042c74913e2256c500f0ededf1c939654504b985799e5bea1c2",
    "https://deno.land/x/valibot@v0.18.0/src/schemas/nonNullish/nonNullish.ts": "7c85a85dbd4f584dd3ba1451f9c3850f3cefa11c52a3dbc40a9e0348fbfe7dfa",
    "https://deno.land/x/valibot@v0.18.0/src/schemas/nonNullish/nonNullishAsync.ts": "4814972de7278aa29adad4fd4e0b5b6347425a4b3aa74111fa7825be5dc31597",
    "https://deno.land/x/valibot@v0.18.0/src/schemas/nonOptional/index.ts": "537b4db27c7c6f64a8e1f83684eebec45d6a9acea98118dfa2c51eccd5ae3be2",
    "https://deno.land/x/valibot@v0.18.0/src/schemas/nonOptional/nonOptional.ts": "20e8e86ca56f642a8fc9c2b35ec0c0b7285085c0c5322d6bdab02e0355bc27a5",
    "https://deno.land/x/valibot@v0.18.0/src/schemas/nonOptional/nonOptionalAsync.ts": "31e1f3e7c81e1d1d1ace907a44e2c2d672ed06f21bca2c79333a8728bf472870",
    "https://deno.land/x/valibot@v0.18.0/src/schemas/nullType/index.ts": "da90e26dbe4c3b706166798d244ffc2bcfbbf3f944922108f481ed56412202a9",
    "https://deno.land/x/valibot@v0.18.0/src/schemas/nullType/nullType.ts": "663bd20721a4df89633a2b2e38d0006335023b93f300e7b11b90ccfd334ec4ca",
    "https://deno.land/x/valibot@v0.18.0/src/schemas/nullType/nullTypeAsync.ts": "91bc2ed3829dfbcfa62c291ba68d5eea462c44a59356c7ec7576518777ec4e55",
    "https://deno.land/x/valibot@v0.18.0/src/schemas/nullable/index.ts": "aef898ad0cedabb408eb1476843548a4de42139c9704101fe11c0c3068271a4e",
    "https://deno.land/x/valibot@v0.18.0/src/schemas/nullable/nullable.ts": "6b01f2002236185daa6f4f7043ff3a8d8b222360580dbce2544ac7c6d3b1b19f",
    "https://deno.land/x/valibot@v0.18.0/src/schemas/nullable/nullableAsync.ts": "5ec5f3ed869b13088db81ef024c5e1aec2c1283c7e907ce41180c2a5286e979d",
    "https://deno.land/x/valibot@v0.18.0/src/schemas/nullish/index.ts": "98735c824ddfe5d96bd802db3937b5c5c47c87470a4766ce60cf4c381c3b0327",
    "https://deno.land/x/valibot@v0.18.0/src/schemas/nullish/nullish.ts": "aba7f491b49cdbfde16e52fba5c87f9b74bc56c0f1aa67baee5e92a2ecbc1432",
    "https://deno.land/x/valibot@v0.18.0/src/schemas/nullish/nullishAsync.ts": "df13116f22c5f7ccf16aa9efe8d305d16d8451c56940e8ad636ee72ad3de9410",
    "https://deno.land/x/valibot@v0.18.0/src/schemas/number/index.ts": "21e61a3f12f35f4ad5b1c6691624502218a4df864dbebdcafbbd3d027fb4615d",
    "https://deno.land/x/valibot@v0.18.0/src/schemas/number/number.ts": "572cf04b4a687c0183712e130f9631124b93535c5332611e08359ca6712d758d",
    "https://deno.land/x/valibot@v0.18.0/src/schemas/number/numberAsync.ts": "5765a31fad67fe0ed8e5ac35a3f8c28aab736885bada1bc514e744ededa32020",
    "https://deno.land/x/valibot@v0.18.0/src/schemas/object/index.ts": "6cd2f39fa479fe547d7bcaa5dadf876c9b2a383e7f7394c0e32e3ca085d3d27d",
    "https://deno.land/x/valibot@v0.18.0/src/schemas/object/object.ts": "f8e3cd74b5b6d89fe39e1ea25d57e9ab2267a8d3071988fedf8b82f4669a1156",
    "https://deno.land/x/valibot@v0.18.0/src/schemas/object/objectAsync.ts": "dce30674f1f88e3db7a6b4ec1a5f1c83b74306b0264971be2b8e500d1b7eaa37",
    "https://deno.land/x/valibot@v0.18.0/src/schemas/object/types.ts": "bb508e79fc2f9ed5f6c05099c2cfbb5ced5cdce513021341394bbfc17ab662cc",
    "https://deno.land/x/valibot@v0.18.0/src/schemas/optional/index.ts": "d9783508e7c2937c07f7b18c48c9184f4ab92958f8145adb897cb5aef5235a4d",
    "https://deno.land/x/valibot@v0.18.0/src/schemas/optional/optional.ts": "fdad250e57ea61c88e7bde08ec1a66c589da0f11cb92a0d4704c114d4c93fa68",
    "https://deno.land/x/valibot@v0.18.0/src/schemas/optional/optionalAsync.ts": "db41b7a32a6907c3071b9a36fdc61b26f349e090a915f24b92f7f36464a07b49",
    "https://deno.land/x/valibot@v0.18.0/src/schemas/record/index.ts": "27ca5007ddfe12cf771c441692d0592ca9dcea0f99ba1b7da016b6fa24899a9c",
    "https://deno.land/x/valibot@v0.18.0/src/schemas/record/record.ts": "c8f2f94d81d56abe9db0d1546880b1031815dcb227db0d4cf1884407656125bb",
    "https://deno.land/x/valibot@v0.18.0/src/schemas/record/recordAsync.ts": "abc60cb029efb680788942481ed93d6db4282db2bf08457158a16a17c284320f",
    "https://deno.land/x/valibot@v0.18.0/src/schemas/record/types.ts": "f145190331a33009b82b3c467aabe93ac0f98dc383352cfc73675353a7c92478",
    "https://deno.land/x/valibot@v0.18.0/src/schemas/record/utils/getRecordArgs/getRecordArgs.ts": "983747867d8773a81b9e7e9527150c58de2cc88bdaf7dac8fb016c13c72768f3",
    "https://deno.land/x/valibot@v0.18.0/src/schemas/record/utils/getRecordArgs/index.ts": "c6984f5521bca4f657b8ba05efd3a928c91b145a7457af9882af94ba73193dff",
    "https://deno.land/x/valibot@v0.18.0/src/schemas/record/utils/index.ts": "fe32df7fecc9f6ebf01f3b2a678658859e413f64e196a82814ccc89bff2790e5",
    "https://deno.land/x/valibot@v0.18.0/src/schemas/record/values.ts": "85dcca30f64839cefd3af98781b62ee7f3b6e66a9ce2a4fdb7558fdab3f4a98a",
    "https://deno.land/x/valibot@v0.18.0/src/schemas/recursive/index.ts": "0892fe69cb7bd02fcfd29711795c2aa569644e429d69bbef1bd8cfd8e4c1c9bc",
    "https://deno.land/x/valibot@v0.18.0/src/schemas/recursive/recursive.ts": "d8a2ca27eb450054b560d65e91196f63fac7c0e61b7a321d171aa656a47cebf8",
    "https://deno.land/x/valibot@v0.18.0/src/schemas/recursive/recursiveAsync.ts": "05989193c92e8538885d9c57a14400bfeeb2fec3c35ea3614810388070aa07ed",
    "https://deno.land/x/valibot@v0.18.0/src/schemas/set/index.ts": "8545f57266673224be3d065ed39776cc66c2717f409c8bd982632c672e98a261",
    "https://deno.land/x/valibot@v0.18.0/src/schemas/set/set.ts": "b3dc87815b328331bdcc195010f0f121ce870d84551f18c1c5dbe784b918a300",
    "https://deno.land/x/valibot@v0.18.0/src/schemas/set/setAsync.ts": "49ffd2797db2bea8a7c6c0b88fcf3e82b28092928856d764fc676b3faa198e80",
    "https://deno.land/x/valibot@v0.18.0/src/schemas/set/types.ts": "4167bfaf1426c2d4bf0923fa71d4cdad051bde500935e1f7c27a0c8fdad3bfe8",
    "https://deno.land/x/valibot@v0.18.0/src/schemas/special/index.ts": "e860bc91b74ca091d8ff7241b22fe63367a166fda8b4b9d16c1d9c762d0f093c",
    "https://deno.land/x/valibot@v0.18.0/src/schemas/special/special.ts": "8c04a2e753d29527a3eb5f47b84797789657f6385317f96e5eab3cd43ca0b654",
    "https://deno.land/x/valibot@v0.18.0/src/schemas/special/specialAsync.ts": "4a59a0842bcf2dae6d2504dfb8ef0caa4d796e42d67a03a03cec6a4ba650e787",
    "https://deno.land/x/valibot@v0.18.0/src/schemas/string/index.ts": "ab64782b4c251728ac5ee210edc4cc2f10c9bf4e83b4db93958148563ba37417",
    "https://deno.land/x/valibot@v0.18.0/src/schemas/string/string.ts": "f6257e90e7d02e482a48618cf1f053491de23bf705cb53807de3177cc9533c87",
    "https://deno.land/x/valibot@v0.18.0/src/schemas/string/stringAsync.ts": "4dcaee03fd2a1c1ceb997c5b0cb52b8baae59a8eb20945eb997cdc64d9b43bba",
    "https://deno.land/x/valibot@v0.18.0/src/schemas/symbol/index.ts": "2af72055bc535190e3105623399ca989e38cebb3008b494014d38480b9da17ba",
    "https://deno.land/x/valibot@v0.18.0/src/schemas/symbol/symbol.ts": "7686d74e1e4d8f2cfba29d023b55b53a507620d2ddede6b4110d0d8385aba88b",
    "https://deno.land/x/valibot@v0.18.0/src/schemas/symbol/symbolAsync.ts": "55140a0e810016a5590a25d2fff1fd50e32a3526a4905e64358b516da2a3c84d",
    "https://deno.land/x/valibot@v0.18.0/src/schemas/tuple/index.ts": "99e8340659655b7c63192256a6dea75a72d2677c7be4d716a35ba43f1778b3ce",
    "https://deno.land/x/valibot@v0.18.0/src/schemas/tuple/tuple.ts": "db1301c2c313e2261846cb1927f583c18f1421b04069086121d615ba3b3627c5",
    "https://deno.land/x/valibot@v0.18.0/src/schemas/tuple/tupleAsync.ts": "c3a64b050bba25074b3aa1194c95446c66f1c2e360e2a0576830f0cd2a96419f",
    "https://deno.land/x/valibot@v0.18.0/src/schemas/tuple/types.ts": "cf6013039d453b799fa7a88ee475a521df87aeb8abb8d806c108ce6af1dbaac5",
    "https://deno.land/x/valibot@v0.18.0/src/schemas/tuple/utils/getTupleArgs/getTupleArgs.ts": "cf3f67fb54b3a1fb1273757e66fe41644045825d2b8b8009f0b9ba664c993e71",
    "https://deno.land/x/valibot@v0.18.0/src/schemas/tuple/utils/getTupleArgs/index.ts": "753a64c08f68dd04d9a5322fac47b7e96845779b53f5f8a66318c89599fab464",
    "https://deno.land/x/valibot@v0.18.0/src/schemas/tuple/utils/index.ts": "c4bdec56077ab55b0dd4a54ead31ade3dfcd94761cc7cb69a0c8afe1157011a9",
    "https://deno.land/x/valibot@v0.18.0/src/schemas/undefinedType/index.ts": "f7fbc79aaa225cdc670469c87de904db72a2b83167c7f4c6f25e5aa1e5f0afcd",
    "https://deno.land/x/valibot@v0.18.0/src/schemas/undefinedType/undefinedType.ts": "1c161dc4439e56a64b4ff9009ec15243f5506af5f35d84da3ea4c919c917d6b7",
    "https://deno.land/x/valibot@v0.18.0/src/schemas/undefinedType/undefinedTypeAsync.ts": "da7685b1d7ae13382ae7af986c9713df59dfa0fd97fdf6dbaf1580d26a3f7c0a",
    "https://deno.land/x/valibot@v0.18.0/src/schemas/union/index.ts": "cc4a28b5dcb866831bbcdb63fc16c179d6340f0d47856f38a3194e213754c230",
    "https://deno.land/x/valibot@v0.18.0/src/schemas/union/union.ts": "e445c5150c35758fcb14a93450008a383d0296c3f16fda3ec8dbbb21cd1131a8",
    "https://deno.land/x/valibot@v0.18.0/src/schemas/union/unionAsync.ts": "8757d7991fbd1b48bcdc5f50397f48d4fb6f1769dc9566af2755c95f83b2c1e1",
    "https://deno.land/x/valibot@v0.18.0/src/schemas/unknown/index.ts": "10361f5acf37be09d4762a1050df606792e89bbecb7e5ad3897e1f44fecbb424",
    "https://deno.land/x/valibot@v0.18.0/src/schemas/unknown/unknown.ts": "a90c99174c5a200b7fdac216db6a14ae52338e72c9289a17d71820b440a976c1",
    "https://deno.land/x/valibot@v0.18.0/src/schemas/unknown/unknownAsync.ts": "bf5a7700c1c286eac2d7845fd4067a0bd800bf57a050e12aa440d9d2a95b378e",
    "https://deno.land/x/valibot@v0.18.0/src/schemas/voidType/index.ts": "fcfabeb131eb3dd34f551177d250211ac246d002b1ed7fd69e9292bfd44a61e9",
    "https://deno.land/x/valibot@v0.18.0/src/schemas/voidType/voidType.ts": "40d77da5d274543a415210453ffb240898e2d1ab75a0864c81a7c17d2998e38e",
    "https://deno.land/x/valibot@v0.18.0/src/schemas/voidType/voidTypeAsync.ts": "2a6da8b1ea687c394a393480b4dfded5bc415c9b6b1c48c2dc3e9fd6d3a9bd61",
    "https://deno.land/x/valibot@v0.18.0/src/transformations/index.ts": "2556f72e5031ddb919e472fe591380349e515dc2bed32cf7234eb1e24de594c0",
    "https://deno.land/x/valibot@v0.18.0/src/transformations/toCustom/index.ts": "ced6ce683906043c915c47b9bc3c37760568e8731234ed52378cc0ed297dfc27",
    "https://deno.land/x/valibot@v0.18.0/src/transformations/toCustom/toCustom.ts": "2adcf91151f1242d7e583b46ed5fc694b4f86eec712b044a85945b75d70a110b",
    "https://deno.land/x/valibot@v0.18.0/src/transformations/toCustom/toCustomAsync.ts": "6ce1b964ea7ee6d5993b970fe6a6b7ac842e41e1c75bd33009fe020887ce034f",
    "https://deno.land/x/valibot@v0.18.0/src/transformations/toLowerCase/index.ts": "240601776aafe99170f1d5f541156eb47ef6b1de18e4bc1fb0f3c9ccaf2a2ebe",
    "https://deno.land/x/valibot@v0.18.0/src/transformations/toLowerCase/toLowerCase.ts": "f0d24dd55c1fa0e9887dce1d81cf7c28fa5ec4246aab48c70686536f66192d2b",
    "https://deno.land/x/valibot@v0.18.0/src/transformations/toMaxValue/index.ts": "292a34e8f854111175c370760c63a0b3d4e64a0f52676f649efabc0eb65d992a",
    "https://deno.land/x/valibot@v0.18.0/src/transformations/toMaxValue/toMaxValue.ts": "a0f460d8162974af14c32dc94b555da626fba5d28d1c392677c307ac4e0baf03",
    "https://deno.land/x/valibot@v0.18.0/src/transformations/toMinValue/index.ts": "74532e7ca7389896c2b832852ad1730107d70c70ed06644184b5f5e02a06e9da",
    "https://deno.land/x/valibot@v0.18.0/src/transformations/toMinValue/toMinValue.ts": "20ed4e640ec9dec858486ce5ba1c0698a6b38229b3ec0e7b2097c9f94b41c155",
    "https://deno.land/x/valibot@v0.18.0/src/transformations/toTrimmed/index.ts": "63e67ebb0cb8e2840fcced3acf728c63cab84f60bb23dd4a407fcb3d6f28be06",
    "https://deno.land/x/valibot@v0.18.0/src/transformations/toTrimmed/toTrimmed.ts": "88a2d8716b23dbfcd8ba2a63cb08835c868bd9526d34503ec5272b6a4a2df09d",
    "https://deno.land/x/valibot@v0.18.0/src/transformations/toTrimmedEnd/index.ts": "24893f44e8d38ab65d254c95c8497ca073f592d0ba364b7b10e5b2306d0a1add",
    "https://deno.land/x/valibot@v0.18.0/src/transformations/toTrimmedEnd/toTrimmedEnd.ts": "d0d2c85a01e6a8413f692887dc83504b59760eceee208f3a7bd200b8ebe4f2ef",
    "https://deno.land/x/valibot@v0.18.0/src/transformations/toTrimmedStart/index.ts": "4c392b44580651367853ff74eba47393b02e40f2241583e126fca8088cfc822b",
    "https://deno.land/x/valibot@v0.18.0/src/transformations/toTrimmedStart/toTrimmedStart.ts": "1cd732d245e8064b66c1765cde5d409d61c207a4bcf7cfcbf48646e1ba46a529",
    "https://deno.land/x/valibot@v0.18.0/src/transformations/toUpperCase/index.ts": "cb5035ed9e693199a85ddf969fa4d1b7d9325084bb584a2b531617e6da9a1617",
    "https://deno.land/x/valibot@v0.18.0/src/transformations/toUpperCase/toUpperCase.ts": "180115f954deb07d49590566de98b9a0de4164c0ba2ee1ad7fd2ddf8dd6a6e74",
    "https://deno.land/x/valibot@v0.18.0/src/types.ts": "f09ad9db511299eb813352753f2221e33d351b0db6b8bb942d1c7f776ebac44b",
    "https://deno.land/x/valibot@v0.18.0/src/utils/executePipe/executePipe.ts": "372b737c79743bf46c8775253dfc2755331b91cd49797c2854068229ca1cd789",
    "https://deno.land/x/valibot@v0.18.0/src/utils/executePipe/executePipeAsync.ts": "55c24fe25764c993c574de025d8116715ed0fd877f73c49a0996cfa5f791657f",
    "https://deno.land/x/valibot@v0.18.0/src/utils/executePipe/index.ts": "da7634526bff9387de2f5759c6eb3dbaef2e98070833f229676617b9e685899f",
    "https://deno.land/x/valibot@v0.18.0/src/utils/executePipe/utils/getIssue/getIssue.ts": "a60cec63fc17e0ec6f81c517650e8f6e37a9fda87ce09c62070270b9ce5d5844",
    "https://deno.land/x/valibot@v0.18.0/src/utils/executePipe/utils/getIssue/index.ts": "a660c06c3e0e878935391f55e3c47e701134d84757b07a8c7fb3796104898a80",
    "https://deno.land/x/valibot@v0.18.0/src/utils/executePipe/utils/getPipeInfo/getPipeInfo.ts": "5061dd371931bee4e0566e6c045d5f6cf45d60979e6b07a83d8b20c53c199041",
    "https://deno.land/x/valibot@v0.18.0/src/utils/executePipe/utils/getPipeInfo/index.ts": "1608abf48f272134e590ae9581523b6ad6d6620bd35cdd984d557c9b41c435e9",
    "https://deno.land/x/valibot@v0.18.0/src/utils/executePipe/utils/index.ts": "49ce80c6cc37a004b7ff747ba1e2fd4bca640d815b30296b988d11bbced13955",
    "https://deno.land/x/valibot@v0.18.0/src/utils/getDefaultArgs/getDefaultArgs.ts": "76aa88073faf9b87c3e0a90d7986be779df50c98d0219ff37d6731466c947879",
    "https://deno.land/x/valibot@v0.18.0/src/utils/getDefaultArgs/index.ts": "37bf8cd3db794d1926b21b3ad9b1696fe13dcb47e8e66d1f2e75fd38bb73a3ee",
    "https://deno.land/x/valibot@v0.18.0/src/utils/getErrorMessage/getErrorMessage.ts": "8757ce98b21be9a667c580bc8abd8f70705dc609edd2d71a686740029409c9f1",
    "https://deno.land/x/valibot@v0.18.0/src/utils/getErrorMessage/index.ts": "f41a9a223af7091649a2af16fec0a517786e42334777081d97edf515ae0872ff",
    "https://deno.land/x/valibot@v0.18.0/src/utils/getIssues/getIssues.ts": "4db6bffc3fa0e2512b82bce90ffc71cc55bbbbb9fcb3d3e3ee4eb7ec3cdd7c31",
    "https://deno.land/x/valibot@v0.18.0/src/utils/getIssues/index.ts": "d5f500081372ba51076b7bc2a647e779d9e56d1d95bc86123b0e54826046a519",
    "https://deno.land/x/valibot@v0.18.0/src/utils/getOutput/getOutput.ts": "eaaa2b7c9233ddb7fe3af1f46fe7c468410d4a61b5665783ac6ad2ad9dec7d80",
    "https://deno.land/x/valibot@v0.18.0/src/utils/getOutput/index.ts": "fb28e27b4e0f2f1b6942503cc16605451b20e646ba6dd61527d99952087cd240",
    "https://deno.land/x/valibot@v0.18.0/src/utils/getPipeIssues/getPipeIssues.ts": "8a57ff2c93cbcdeeff1be0cf69d575ac2b41a40b3a42610749a22fc8f1b61011",
    "https://deno.land/x/valibot@v0.18.0/src/utils/getPipeIssues/index.ts": "a0d181569d117a37a90b4652d41cfd53ece2bc48f0514c4cdb6d323ea7f234a1",
    "https://deno.land/x/valibot@v0.18.0/src/utils/getSchemaIssues/getSchemaIssues.ts": "1369a4427934076b0e5e46e658d68589a320097db44f391466151a63b5a2a16d",
    "https://deno.land/x/valibot@v0.18.0/src/utils/getSchemaIssues/index.ts": "964ffb5c642b824f4201326ed6a6f553f33379bf5c7a2894a6d5d51d4533f40c",
    "https://deno.land/x/valibot@v0.18.0/src/utils/index.ts": "51368ce8b27cdaf4836e40a453659e59e856cfbd787e98aa2b8808b6b00b511d",
    "https://deno.land/x/valibot@v0.18.0/src/utils/isLuhnAlgo/index.ts": "826829a7d1784681a261796c13b71148184536a4c1c1ddf62f5a861e1b9fa190",
    "https://deno.land/x/valibot@v0.18.0/src/utils/isLuhnAlgo/isLuhnAlgo.ts": "f313c5c9891a8450dc22777ecf2605084bb2c035dfee81cd130721b10dead6bf",
    "https://deno.land/x/valibot@v0.18.0/src/validations/bytes/bytes.ts": "9a90273170735e856e43f5a6a74b1b2f79778b6c8d20b324007f69f281005707",
    "https://deno.land/x/valibot@v0.18.0/src/validations/bytes/index.ts": "d42afa8054800f1eea871aef06f957c757aa40af6b7409f41aa10e925f23ff35",
    "https://deno.land/x/valibot@v0.18.0/src/validations/cuid2/cuid2.ts": "50912f99639cc0942709eeb0534b1beefcd952ce9c9e89049b556547dc7de8c3",
    "https://deno.land/x/valibot@v0.18.0/src/validations/cuid2/index.ts": "b157ea18c33e5ea2e7f2d67c9d328313de948597f1f685ffbc9b019dccb19290",
    "https://deno.land/x/valibot@v0.18.0/src/validations/custom/custom.ts": "2122e44a8d77f95546058c0391934e75b6b98b5e9e25aae94d06cb27114edef0",
    "https://deno.land/x/valibot@v0.18.0/src/validations/custom/customAsync.ts": "f568491b4ec039b9c74d4ff658a02270e65f5d4d10e6c1c940de55391eeb23b8",
    "https://deno.land/x/valibot@v0.18.0/src/validations/custom/index.ts": "b2e137dfd7af4258fd635173bea90539ddaba81a925bfbb806d4189043aae2fc",
    "https://deno.land/x/valibot@v0.18.0/src/validations/email/email.ts": "1e544e7e3f2aadede707ca24a33512a7916b843b62f1e6cae543de7e0fcff412",
    "https://deno.land/x/valibot@v0.18.0/src/validations/email/index.ts": "77f6fcd59128ddf81f33c662b5fa687d95652f6791d12e6f419474bc15a5dbc5",
    "https://deno.land/x/valibot@v0.18.0/src/validations/emoji/emoji.ts": "940d4f6756f43c98cea203103bce084fca4bddc3bea178da1c41b71143076ae2",
    "https://deno.land/x/valibot@v0.18.0/src/validations/emoji/index.ts": "81eefc5fb8a6306aea94c0a4d6b7fcf70982c435366464768276b6af24b59c51",
    "https://deno.land/x/valibot@v0.18.0/src/validations/endsWith/endsWith.ts": "78e981eeb952fdd961bc5dfab2b54de2810351222b51ad4534ae4f6f21f47834",
    "https://deno.land/x/valibot@v0.18.0/src/validations/endsWith/index.ts": "896851359dd0c23387c5c1c3fc5048528ef57ed9881028f4c89c58162aa6e604",
    "https://deno.land/x/valibot@v0.18.0/src/validations/equal/equal.ts": "70e532238b121cf6a85f78087a1e832eec41b5278ab43d0c2459043048eec3c9",
    "https://deno.land/x/valibot@v0.18.0/src/validations/equal/index.ts": "23b41ec45acd21ff1c549688ba0d3849498b8810bcf6f224813b1236b4ea5a66",
    "https://deno.land/x/valibot@v0.18.0/src/validations/excludes/excludes.ts": "a447b40eda6b776351e4d36dda713a5857768847b9066bdec18e441046ad94a5",
    "https://deno.land/x/valibot@v0.18.0/src/validations/excludes/index.ts": "5ad9e320e89c9d012ff5be9b3760b33f6c3e261a5f24f979d2da3f4cd23fbeb8",
    "https://deno.land/x/valibot@v0.18.0/src/validations/finite/finite.ts": "24a2466df0c34d0f94a38dbdc0760d87de82a49774967a11cf0e85e0b87f86b3",
    "https://deno.land/x/valibot@v0.18.0/src/validations/finite/index.ts": "e705573032e827d2c70544ff01ee970001dce16d4afcac91f4aa0fb985ba06ed",
    "https://deno.land/x/valibot@v0.18.0/src/validations/imei/imei.ts": "844bd74fd3a88dbdeb1329d501bfcf151f0685eef34c7ed851728d5319a30d42",
    "https://deno.land/x/valibot@v0.18.0/src/validations/imei/index.ts": "4a5d4bcf8a9a18e10e32c4fc6de3690f33a3b1c231a90ab6ff4ad8c1c589596f",
    "https://deno.land/x/valibot@v0.18.0/src/validations/includes/includes.ts": "1a13384f02f72fe29aa9c3feb48ac64097094f568949c626b25ecf3b86ad8d12",
    "https://deno.land/x/valibot@v0.18.0/src/validations/includes/index.ts": "0b0cdd38157c84347260020127a6d1f461d823b374f69e050e27eb675e28ee35",
    "https://deno.land/x/valibot@v0.18.0/src/validations/index.ts": "211cf45abc5c3386ce441fa4c725e4bdb6ad2816580ae0b7f9a33f42e8fd829d",
    "https://deno.land/x/valibot@v0.18.0/src/validations/integer/integer.ts": "9eceb76a84d8fbe9d7c4d4bb8e03a376406f420e6fc4139f203e10ad61602285",
    "https://deno.land/x/valibot@v0.18.0/src/validations/ip/index.ts": "8facfbc3cc183194dcc000b0dc030bd917ce292d7f2a2a71c801ce77ff8e6cc2",
    "https://deno.land/x/valibot@v0.18.0/src/validations/ip/ip.ts": "22ce193a83ba95a349025f1f81dc071351064c64fc7ce27cb8e25fc59513aa79",
    "https://deno.land/x/valibot@v0.18.0/src/validations/ipv4/index.ts": "48105c37b9ec100d49ca0f5abaaa708d8c029d7df50cd28c518a015284fd8b1d",
    "https://deno.land/x/valibot@v0.18.0/src/validations/ipv4/ipv4.ts": "9ab9923cc20bcc93a784b53ee45f9b8a2a2aec4ab4570e479b158d25734f99a6",
    "https://deno.land/x/valibot@v0.18.0/src/validations/ipv6/index.ts": "2ab7903d078c35e0d15f78404e26b99252a5fa3448422ed971b8ef12a2911bc4",
    "https://deno.land/x/valibot@v0.18.0/src/validations/ipv6/ipv6.ts": "702007df2aa95cb847fa6c36797489e87d3c25dca9cb49066842aa8c32c6f0f7",
    "https://deno.land/x/valibot@v0.18.0/src/validations/isoDate/index.ts": "1dca1733a472c3a21244ed4a395382a7836d5d5d1e5ab7a8d8d85b47053db07d",
    "https://deno.land/x/valibot@v0.18.0/src/validations/isoDate/isoDate.ts": "02f56517a476f8badf8cf4ccb2b94f55a88fbb95d259939f0ba6043ede0b555a",
    "https://deno.land/x/valibot@v0.18.0/src/validations/isoDateTime/index.ts": "7e55bf21ff01fd4178d38ec00d9e213f4ddf66444e9a1273f8b9e11c3c546919",
    "https://deno.land/x/valibot@v0.18.0/src/validations/isoDateTime/isoDateTime.ts": "b07a23709ac6d4069b33bafc36747b506eb4fc166c8932932522078e5fc5d0e5",
    "https://deno.land/x/valibot@v0.18.0/src/validations/isoTime/index.ts": "7d61413b21228bb4ad645af32fae401a7a32e93613b7d8b0fcc266d37ef1a96b",
    "https://deno.land/x/valibot@v0.18.0/src/validations/isoTime/isoTime.ts": "2c815a916afa55b5baca42dcb557494472516858c24006fed10fc3096f32973a",
    "https://deno.land/x/valibot@v0.18.0/src/validations/isoTimeSecond/index.ts": "b3a2ce5ca284f099773cef0c417bb196403c573e3f14c5fe6facf02b84f3f8a9",
    "https://deno.land/x/valibot@v0.18.0/src/validations/isoTimeSecond/isoTimeSecond.ts": "a4eee72f26ce5bb8d779eef44610e662dbbe30f00498533d1bc35e7a51ebbc30",
    "https://deno.land/x/valibot@v0.18.0/src/validations/isoTimestamp/index.ts": "d71da9e8fd34761ba29b56a14c1bb1745aee1b2629ba2b7e8a39386ea14793b3",
    "https://deno.land/x/valibot@v0.18.0/src/validations/isoTimestamp/isoTimestamp.ts": "4815002efe38a2d3acb2f877428a4fdef3ddea53436afe614cc0e2929a3938e1",
    "https://deno.land/x/valibot@v0.18.0/src/validations/isoWeek/index.ts": "0ab75dc237decd1e17aef15a0df6a758ee78b87e6a66119be6ea53292e157ce4",
    "https://deno.land/x/valibot@v0.18.0/src/validations/isoWeek/isoWeek.ts": "3c3beb8ebb799b2d35d3062e13d0b746304bbbdd0c936f7fe88d8cd63c4a7f2c",
    "https://deno.land/x/valibot@v0.18.0/src/validations/length/index.ts": "807ae680bfa79db291e59b52daf8bc7cf5a86a73dc79800f57868258188b5868",
    "https://deno.land/x/valibot@v0.18.0/src/validations/length/length.ts": "2b197fb3062d16172b4f311a107b44049a90ca85a574e11cefa0abd498521e5b",
    "https://deno.land/x/valibot@v0.18.0/src/validations/maxBytes/index.ts": "820623df62598cc942c363a297a51e211dcd24dffe1ac9a6674a5e92cc367bab",
    "https://deno.land/x/valibot@v0.18.0/src/validations/maxBytes/maxBytes.ts": "c3582a9949c4fecbd53afa22b9c2fbc489897ace382edf1d80cbf590ae0a33f4",
    "https://deno.land/x/valibot@v0.18.0/src/validations/maxLength/index.ts": "7a37fbd0adf3004b728eac5b034a3a750ed1d3297be653ae3da17b71abf2227b",
    "https://deno.land/x/valibot@v0.18.0/src/validations/maxLength/maxLength.ts": "5f32934a48820f209d0d07898169f2d524221a4f31e615350ca51357f566f4bf",
    "https://deno.land/x/valibot@v0.18.0/src/validations/maxSize/index.ts": "c90d5fea12ad302bd837d8c9dad6e0d0100551097f4c69cddbd5f81af84b46cc",
    "https://deno.land/x/valibot@v0.18.0/src/validations/maxSize/maxSize.ts": "dfcfa088f68312c3c5e05181b4ec39ce5efd603c47f5183f89c5a979f27997a1",
    "https://deno.land/x/valibot@v0.18.0/src/validations/maxValue/index.ts": "5fb5c3f5086a43bb479dd6a3ce20ed58d9bc9c4f0afc8b2c40e572ef3023d0fb",
    "https://deno.land/x/valibot@v0.18.0/src/validations/maxValue/maxValue.ts": "dcfb02da77ddde9f6f53c068bdc5c5bac138b9edccd09898d39173a6cad23644",
    "https://deno.land/x/valibot@v0.18.0/src/validations/mimeType/index.ts": "50600be4af750f5fbbd2c5fbba95e3228507404fac09c334355126bdb2fc8c35",
    "https://deno.land/x/valibot@v0.18.0/src/validations/mimeType/mimeType.ts": "75f757c4d25021dd27660aeb80790cbf2205817f141349886b5280df7388b28d",
    "https://deno.land/x/valibot@v0.18.0/src/validations/minBytes/index.ts": "b32473a1b4c849fb3b7ab44c5081c63791209b51a8cea3a10c05b84362e7f74c",
    "https://deno.land/x/valibot@v0.18.0/src/validations/minBytes/minBytes.ts": "70f5ac60cecd2e9d79f25f4ee0c266605c3c9121bd80f1064092011c8863735e",
    "https://deno.land/x/valibot@v0.18.0/src/validations/minLength/index.ts": "0520d71de0e292600977a600ef4c72ed2655f798de6d99b9ae32ab011c8bf659",
    "https://deno.land/x/valibot@v0.18.0/src/validations/minLength/minLength.ts": "e388cd9657944b0444d6f977be841c71687b97559b7462e1481c3735de536bf2",
    "https://deno.land/x/valibot@v0.18.0/src/validations/minSize/index.ts": "aef9028cee8baf9f7a3d4adcedc9273fc515bdfd39ce242df0b95bfe0bd51428",
    "https://deno.land/x/valibot@v0.18.0/src/validations/minSize/minSize.ts": "d1cd9b9a18eee8c4dbe5647d8470b1d352bf24ede802fc907fdfdd82a2404dae",
    "https://deno.land/x/valibot@v0.18.0/src/validations/minValue/index.ts": "1a598ee4ec9cafbef8e029b5d47344d56b1789cdb5ce6006a72314483dd23a3e",
    "https://deno.land/x/valibot@v0.18.0/src/validations/minValue/minValue.ts": "a95415d7bb0fca5f1ebd346cfdf2fc98437b2c645443b72196d7406d50ec65c8",
    "https://deno.land/x/valibot@v0.18.0/src/validations/multipleOf/index.ts": "a95bda01f2f16d03ecbeec1cbddc831c303ff30871a69ca8107b84bfa4ca462f",
    "https://deno.land/x/valibot@v0.18.0/src/validations/multipleOf/multipleOf.ts": "e5a516a2781663732b69e8b60e043514632a594e14222e93b28bb2bc9230d292",
    "https://deno.land/x/valibot@v0.18.0/src/validations/regex/index.ts": "f99f0575476f13fc93ea05b50783763f1f659f049146b41623778a9f6aab0d75",
    "https://deno.land/x/valibot@v0.18.0/src/validations/regex/regex.ts": "c3e16730e5626195329cf754fe83db8ad69627ca28055518ce3cb5c6459e578a",
    "https://deno.land/x/valibot@v0.18.0/src/validations/safeInteger/index.ts": "227db55d6d1a89f7296cd32a6764c51366eb39ae6d8985b591e9b48b0d6de58e",
    "https://deno.land/x/valibot@v0.18.0/src/validations/safeInteger/safeInteger.ts": "5f3a99405252f4311eb9a4ff35554b64cf89bdef722d8a333bb2f602c89969b0",
    "https://deno.land/x/valibot@v0.18.0/src/validations/size/index.ts": "2799b930f333714abe3fe60ec486d585b93254a4b9934bee16adde312d84abba",
    "https://deno.land/x/valibot@v0.18.0/src/validations/size/size.ts": "eaaf043235954b5e22b96fd7be6c2b0366548bae351ee4919bef66a3d1cc5dc6",
    "https://deno.land/x/valibot@v0.18.0/src/validations/startsWith/index.ts": "4c87f2127d975bb46fdb1a5fb440b719d6e6221564bb05ef0c69ce068fbcda03",
    "https://deno.land/x/valibot@v0.18.0/src/validations/startsWith/startsWith.ts": "bd815f314cd1281c19d4ad66bcacab7c7b8fa886c70a1aba254ac74e48a2af1a",
    "https://deno.land/x/valibot@v0.18.0/src/validations/ulid/index.ts": "038df36e31f484211b309520b3967d4a6b27f2a717a44a156d5b0c57e737e1e0",
    "https://deno.land/x/valibot@v0.18.0/src/validations/ulid/ulid.ts": "613be402b464ec7411fc739c42619d20119dee8c460ecd26a2e6161973018b92",
    "https://deno.land/x/valibot@v0.18.0/src/validations/url/index.ts": "ba4c867ff9030409269cb6902d652e42cb5494b9eec9eaf74f826491cf4ba4cc",
    "https://deno.land/x/valibot@v0.18.0/src/validations/url/url.ts": "264e6e3ff6ac6f640d07302e89d907d117972843d1b634bcb6691d5a952cc33a",
    "https://deno.land/x/valibot@v0.18.0/src/validations/uuid/index.ts": "9be5093a4927ec982d32c7806a8ebb4d9080ea5023140cae851969eec4339bb5",
    "https://deno.land/x/valibot@v0.18.0/src/validations/uuid/uuid.ts": "2f653d16e30764046fd5d25d9bef4e8884f68db8b7d4a40d7fd47eb88163b443",
    "https://deno.land/x/valibot@v0.18.0/src/validations/value/index.ts": "5d0815e3877c5e4548b222597d37fd277f46044193039c7a42539af34e655914",
    "https://deno.land/x/valibot@v0.18.0/src/validations/value/value.ts": "b1e00c83f292ac09457b884413021f213738dca7873c456ce619d7da77f3a409"
  }
}
