# This file is automatically @generated by Cargo.
# It is not intended for manual editing.
version = 3

[[package]]
name = "keyhook"
version = "0.1.0"
dependencies = [
 "winsafe",
]

[[package]]
name = "winsafe"
version = "0.0.21"
source = "registry+https://github.com/rust-lang/crates.io-index"
checksum = "9c4afa7176f9fadc45817419f5fe481b9e8b90299c62af90e8c19486d0320274"
